
Microsoft Visual Studio Solution File, Format Version 12.00
# Visual Studio 2012
Project("{FAE04EC0-301F-11D3-BF4B-00C04F79EFBC}") = "Hydrospanner", "Hydrospanner\Hydrospanner.csproj", "{EB28F477-2BD0-4C5C-AB15-998BE9F59723}"
EndProject
Global
	GlobalSection(SolutionConfigurationPlatforms) = preSolution
		Debug|Any CPU = Debug|Any CPU
		Release|Any CPU = Release|Any CPU
	EndGlobalSection
	GlobalSection(ProjectConfigurationPlatforms) = postSolution
		{EB28F477-2BD0-4C5C-AB15-998BE9F59723}.Debug|Any CPU.ActiveCfg = Debug|Any CPU
		{EB28F477-2BD0-4C5C-AB15-998BE9F59723}.Debug|Any CPU.Build.0 = Debug|Any CPU
		{EB28F477-2BD0-4C5C-AB15-998BE9F59723}.Release|Any CPU.ActiveCfg = Release|Any CPU
		{EB28F477-2BD0-4C5C-AB15-998BE9F59723}.Release|Any CPU.Build.0 = Release|Any CPU
	EndGlobalSection
	GlobalSection(SolutionProperties) = preSolution
		HideSolutionNode = FALSE
	EndGlobalSection
EndGlobal
