
Microsoft Visual Studio Solution File, Format Version 12.00
# Visual Studio 2012
Project("{FAE04EC0-301F-11D3-BF4B-00C04F79EFBC}") = "Hydrospanner", "proj\Hydrospanner\Hydrospanner.csproj", "{F3564171-9B41-419D-B914-2D08C3A698F3}"
EndProject
Global
	GlobalSection(SolutionConfigurationPlatforms) = preSolution
		Debug|Any CPU = Debug|Any CPU
		Release|Any CPU = Release|Any CPU
	EndGlobalSection
	GlobalSection(ProjectConfigurationPlatforms) = postSolution
		{F3564171-9B41-419D-B914-2D08C3A698F3}.Debug|Any CPU.ActiveCfg = Debug|Any CPU
		{F3564171-9B41-419D-B914-2D08C3A698F3}.Debug|Any CPU.Build.0 = Debug|Any CPU
		{F3564171-9B41-419D-B914-2D08C3A698F3}.Release|Any CPU.ActiveCfg = Release|Any CPU
		{F3564171-9B41-419D-B914-2D08C3A698F3}.Release|Any CPU.Build.0 = Release|Any CPU
	EndGlobalSection
	GlobalSection(SolutionProperties) = preSolution
		HideSolutionNode = FALSE
	EndGlobalSection
EndGlobal
